Microsoft Visual Studio Solution File, Format Version 12.00
# Visual Studio Version 17
VisualStudioVersion = 17.5.2.0
MinimumVisualStudioVersion = 10.0.40219.1
Project("{FAE04EC0-301F-11D3-BF4B-00C04F79EFBC}") = "GitPruner", "GitPruner.csproj", "{336A5306-1901-0529-60F5-1B892D4F4F04}"
EndProject
Global
	GlobalSection(SolutionConfigurationPlatforms) = preSolution
		Debug|Any CPU = Debug|Any CPU
		Release|Any CPU = Release|Any CPU
	EndGlobalSection
	GlobalSection(ProjectConfigurationPlatforms) = postSolution
		{336A5306-1901-0529-60F5-1B892D4F4F04}.Debug|Any CPU.ActiveCfg = Debug|Any CPU
		{336A5306-1901-0529-60F5-1B892D4F4F04}.Debug|Any CPU.Build.0 = Debug|Any CPU
		{336A5306-1901-0529-60F5-1B892D4F4F04}.Release|Any CPU.ActiveCfg = Release|Any CPU
		{336A5306-1901-0529-60F5-1B892D4F4F04}.Release|Any CPU.Build.0 = Release|Any CPU
	EndGlobalSection
	GlobalSection(SolutionProperties) = preSolution
		HideSolutionNode = FALSE
	EndGlobalSection
	GlobalSection(ExtensibilityGlobals) = postSolution
		SolutionGuid = {D4DCCDF4-F8C8-4E09-8748-25DF1CE66B79}
	EndGlobalSection
EndGlobal
